
Microsoft Visual Studio Solution File, Format Version 12.00
# Visual Studio Version 16
VisualStudioVersion = 16.0.30413.136
MinimumVisualStudioVersion = 10.0.40219.1
Project("{888888A0-9F3D-457C-B088-3A5042F75D52}") = "SVM_Classifier_FashionMNIST", "SVM_Classifier_FashionMNIST\SVM_Classifier_FashionMNIST.pyproj", "{46F9A953-5B7E-4163-A6B1-92091B65AA02}"
EndProject
Global
	GlobalSection(SolutionConfigurationPlatforms) = preSolution
		Debug|Any CPU = Debug|Any CPU
		Release|Any CPU = Release|Any CPU
	EndGlobalSection
	GlobalSection(ProjectConfigurationPlatforms) = postSolution
		{46F9A953-5B7E-4163-A6B1-92091B65AA02}.Debug|Any CPU.ActiveCfg = Debug|Any CPU
		{46F9A953-5B7E-4163-A6B1-92091B65AA02}.Release|Any CPU.ActiveCfg = Release|Any CPU
	EndGlobalSection
	GlobalSection(SolutionProperties) = preSolution
		HideSolutionNode = FALSE
	EndGlobalSection
	GlobalSection(ExtensibilityGlobals) = postSolution
		SolutionGuid = {5B7BE1FD-4A80-49F6-A797-4E3C23E9081B}
	EndGlobalSection
EndGlobal
