
Microsoft Visual Studio Solution File, Format Version 12.00
# Visual Studio Version 16
VisualStudioVersion = 16.0.32002.261
MinimumVisualStudioVersion = 10.0.40219.1
Project("{888888A0-9F3D-457C-B088-3A5042F75D52}") = "GFF3Parser", "GFF3Parser.pyproj", "{07129E45-06BA-4472-B293-AF12D9A5A3C2}"
EndProject
Global
	GlobalSection(SolutionConfigurationPlatforms) = preSolution
		Debug|Any CPU = Debug|Any CPU
		Release|Any CPU = Release|Any CPU
	EndGlobalSection
	GlobalSection(ProjectConfigurationPlatforms) = postSolution
		{07129E45-06BA-4472-B293-AF12D9A5A3C2}.Debug|Any CPU.ActiveCfg = Debug|Any CPU
		{07129E45-06BA-4472-B293-AF12D9A5A3C2}.Release|Any CPU.ActiveCfg = Release|Any CPU
	EndGlobalSection
	GlobalSection(SolutionProperties) = preSolution
		HideSolutionNode = FALSE
	EndGlobalSection
	GlobalSection(ExtensibilityGlobals) = postSolution
		SolutionGuid = {32B91D91-A657-4FC4-B634-34BA37125FC3}
	EndGlobalSection
EndGlobal
